
Microsoft Visual Studio Solution File, Format Version 12.00
# Visual Studio Version 16
VisualStudioVersion = 16.0.31729.503
MinimumVisualStudioVersion = 10.0.40219.1
Project("{FAE04EC0-301F-11D3-BF4B-00C04F79EFBC}") = "Leidsa", "Leidsa\Leidsa.csproj", "{04AA6388-13CF-4D2A-A9B9-C8178C772964}"
EndProject
Global
	GlobalSection(SolutionConfigurationPlatforms) = preSolution
		Debug|Any CPU = Debug|Any CPU
		Release|Any CPU = Release|Any CPU
	EndGlobalSection
	GlobalSection(ProjectConfigurationPlatforms) = postSolution
		{04AA6388-13CF-4D2A-A9B9-C8178C772964}.Debug|Any CPU.ActiveCfg = Debug|Any CPU
		{04AA6388-13CF-4D2A-A9B9-C8178C772964}.Debug|Any CPU.Build.0 = Debug|Any CPU
		{04AA6388-13CF-4D2A-A9B9-C8178C772964}.Release|Any CPU.ActiveCfg = Release|Any CPU
		{04AA6388-13CF-4D2A-A9B9-C8178C772964}.Release|Any CPU.Build.0 = Release|Any CPU
	EndGlobalSection
	GlobalSection(SolutionProperties) = preSolution
		HideSolutionNode = FALSE
	EndGlobalSection
	GlobalSection(ExtensibilityGlobals) = postSolution
		SolutionGuid = {872087C4-9ECC-425B-9CE7-5F7EA0A6017E}
	EndGlobalSection
EndGlobal
